// !$*UTF8*$!
{
	archiveVersion = 1;
	classes = {
	};
	objectVersion = 46;
	objects = {

/* Begin PBXBuildFile section */
		B69C57171D0D118A00B01744 /* main.m in Sources */ = {isa = PBXBuildFile; fileRef = B69C57161D0D118A00B01744 /* main.m */; };
		B69C571A1D0D118A00B01744 /* AppDelegate.m in Sources */ = {isa = PBXBuildFile; fileRef = B69C57191D0D118A00B01744 /* AppDelegate.m */; };
		B69C57201D0D118A00B01744 /* DetailViewController.m in Sources */ = {isa = PBXBuildFile; fileRef = B69C571F1D0D118A00B01744 /* DetailViewController.m */; };
		B69C57251D0D118A00B01744 /* Assets.xcassets in Resources */ = {isa = PBXBuildFile; fileRef = B69C57241D0D118A00B01744 /* Assets.xcassets */; };
		B69C57281D0D118A00B01744 /* LaunchScreen.storyboard in Resources */ = {isa = PBXBuildFile; fileRef = B69C57261D0D118A00B01744 /* LaunchScreen.storyboard */; };
		B69C57341D0D11D100B01744 /* GQRatingView.m in Sources */ = {isa = PBXBuildFile; fileRef = B69C57311D0D11D100B01744 /* GQRatingView.m */; };
		B69C57351D0D11D100B01744 /* GQStarView.m in Sources */ = {isa = PBXBuildFile; fileRef = B69C57331D0D11D100B01744 /* GQStarView.m */; };
/* End PBXBuildFile section */

/* Begin PBXFileReference section */
		B69C57121D0D118A00B01744 /* GQRatingViewDemo.app */ = {isa = PBXFileReference; explicitFileType = wrapper.application; includeInIndex = 0; path = GQRatingViewDemo.app; sourceTree = BUILT_PRODUCTS_DIR; };
		B69C57161D0D118A00B01744 /* main.m */ = {isa = PBXFileReference; lastKnownFileType = sourcecode.c.objc; path = main.m; sourceTree = "<group>"; };
		B69C57181D0D118A00B01744 /* AppDelegate.h */ = {isa = PBXFileReference; lastKnownFileType = sourcecode.c.h; path = AppDelegate.h; sourceTree = "<group>"; };
		B69C57191D0D118A00B01744 /* AppDelegate.m */ = {isa = PBXFileReference; lastKnownFileType = sourcecode.c.objc; path = AppDelegate.m; sourceTree = "<group>"; };
		B69C571E1D0D118A00B01744 /* DetailViewController.h */ = {isa = PBXFileReference; lastKnownFileType = sourcecode.c.h; path = DetailViewController.h; sourceTree = "<group>"; };
		B69C571F1D0D118A00B01744 /* DetailViewController.m */ = {isa = PBXFileReference; lastKnownFileType = sourcecode.c.objc; path = DetailViewController.m; sourceTree = "<group>"; };
		B69C57241D0D118A00B01744 /* Assets.xcassets */ = {isa = PBXFileReference; lastKnownFileType = folder.assetcatalog; path = Assets.xcassets; sourceTree = "<group>"; };
		B69C57271D0D118A00B01744 /* Base */ = {isa = PBXFileReference; lastKnownFileType = file.storyboard; name = Base; path = Base.lproj/LaunchScreen.storyboard; sourceTree = "<group>"; };
		B69C57291D0D118A00B01744 /* Info.plist */ = {isa = PBXFileReference; lastKnownFileType = text.plist.xml; path = Info.plist; sourceTree = "<group>"; };
		B69C57301D0D11D100B01744 /* GQRatingView.h */ = {isa = PBXFileReference; fileEncoding = 4; lastKnownFileType = sourcecode.c.h; path = GQRatingView.h; sourceTree = "<group>"; };
		B69C57311D0D11D100B01744 /* GQRatingView.m */ = {isa = PBXFileReference; fileEncoding = 4; lastKnownFileType = sourcecode.c.objc; path = GQRatingView.m; sourceTree = "<group>"; };
		B69C57321D0D11D100B01744 /* GQStarView.h */ = {isa = PBXFileReference; fileEncoding = 4; lastKnownFileType = sourcecode.c.h; path = GQStarView.h; sourceTree = "<group>"; };
		B69C57331D0D11D100B01744 /* GQStarView.m */ = {isa = PBXFileReference; fileEncoding = 4; lastKnownFileType = sourcecode.c.objc; path = GQStarView.m; sourceTree = "<group>"; };
/* End PBXFileReference section */

/* Begin PBXFrameworksBuildPhase section */
		B69C570F1D0D118A00B01744 /* Frameworks */ = {
			isa = PBXFrameworksBuildPhase;
			buildActionMask = 2147483647;
			files = (
			);
			runOnlyForDeploymentPostprocessing = 0;
		};
/* End PBXFrameworksBuildPhase section */

/* Begin PBXGroup section */
		B69C57091D0D118A00B01744 = {
			isa = PBXGroup;
			children = (
				B69C57141D0D118A00B01744 /* GQRatingViewDemo */,
				B69C57131D0D118A00B01744 /* Products */,
			);
			sourceTree = "<group>";
		};
		B69C57131D0D118A00B01744 /* Products */ = {
			isa = PBXGroup;
			children = (
				B69C57121D0D118A00B01744 /* GQRatingViewDemo.app */,
			);
			name = Products;
			sourceTree = "<group>";
		};
		B69C57141D0D118A00B01744 /* GQRatingViewDemo */ = {
			isa = PBXGroup;
			children = (
				B69C572F1D0D11D100B01744 /* GQRatingView */,
				B69C57181D0D118A00B01744 /* AppDelegate.h */,
				B69C57191D0D118A00B01744 /* AppDelegate.m */,
				B69C571E1D0D118A00B01744 /* DetailViewController.h */,
				B69C571F1D0D118A00B01744 /* DetailViewController.m */,
				B69C57241D0D118A00B01744 /* Assets.xcassets */,
				B69C57261D0D118A00B01744 /* LaunchScreen.storyboard */,
				B69C57291D0D118A00B01744 /* Info.plist */,
				B69C57151D0D118A00B01744 /* Supporting Files */,
			);
			path = GQRatingViewDemo;
			sourceTree = "<group>";
		};
		B69C57151D0D118A00B01744 /* Supporting Files */ = {
			isa = PBXGroup;
			children = (
				B69C57161D0D118A00B01744 /* main.m */,
			);
			name = "Supporting Files";
			sourceTree = "<group>";
		};
		B69C572F1D0D11D100B01744 /* GQRatingView */ = {
			isa = PBXGroup;
			children = (
				B69C57301D0D11D100B01744 /* GQRatingView.h */,
				B69C57311D0D11D100B01744 /* GQRatingView.m */,
				B69C57321D0D11D100B01744 /* GQStarView.h */,
				B69C57331D0D11D100B01744 /* GQStarView.m */,
			);
			name = GQRatingView;
			path = ../../GQRatingView;
			sourceTree = "<group>";
		};
/* End PBXGroup section */

/* Begin PBXNativeTarget section */
		B69C57111D0D118A00B01744 /* GQRatingViewDemo */ = {
			isa = PBXNativeTarget;
			buildConfigurationList = B69C572C1D0D118A00B01744 /* Build configuration list for PBXNativeTarget "GQRatingViewDemo" */;
			buildPhases = (
				B69C570E1D0D118A00B01744 /* Sources */,
				B69C570F1D0D118A00B01744 /* Frameworks */,
				B69C57101D0D118A00B01744 /* Resources */,
			);
			buildRules = (
			);
			dependencies = (
			);
			name = GQRatingViewDemo;
			productName = GQRatingViewDemo;
			productReference = B69C57121D0D118A00B01744 /* GQRatingViewDemo.app */;
			productType = "com.apple.product-type.application";
		};
/* End PBXNativeTarget section */

/* Begin PBXProject section */
		B69C570A1D0D118A00B01744 /* Project object */ = {
			isa = PBXProject;
			attributes = {
				LastUpgradeCheck = 0730;
				ORGANIZATIONNAME = gaoqi;
				TargetAttributes = {
					B69C57111D0D118A00B01744 = {
						CreatedOnToolsVersion = 7.3.1;
					};
				};
			};
			buildConfigurationList = B69C570D1D0D118A00B01744 /* Build configuration list for PBXProject "GQRatingViewDemo" */;
			compatibilityVersion = "Xcode 3.2";
			developmentRegion = English;
			hasScannedForEncodings = 0;
			knownRegions = (
				en,
				Base,
			);
			mainGroup = B69C57091D0D118A00B01744;
			productRefGroup = B69C57131D0D118A00B01744 /* Products */;
			projectDirPath = "";
			projectRoot = "";
			targets = (
				B69C57111D0D118A00B01744 /* GQRatingViewDemo */,
			);
		};
/* End PBXProject section */

/* Begin PBXResourcesBuildPhase section */
		B69C57101D0D118A00B01744 /* Resources */ = {
			isa = PBXResourcesBuildPhase;
			buildActionMask = 2147483647;
			files = (
				B69C57281D0D118A00B01744 /* LaunchScreen.storyboard in Resources */,
				B69C57251D0D118A00B01744 /* Assets.xcassets in Resources */,
			);
			runOnlyForDeploymentPostprocessing = 0;
		};
/* End PBXResourcesBuildPhase section */

/* Begin PBXSourcesBuildPhase section */
		B69C570E1D0D118A00B01744 /* Sources */ = {
			isa = PBXSourcesBuildPhase;
			buildActionMask = 2147483647;
			files = (
				B69C571A1D0D118A00B01744 /* AppDelegate.m in Sources */,
				B69C57351D0D11D100B01744 /* GQStarView.m in Sources */,
				B69C57341D0D11D100B01744 /* GQRatingView.m in Sources */,
				B69C57171D0D118A00B01744 /* main.m in Sources */,
				B69C57201D0D118A00B01744 /* DetailViewController.m in Sources */,
			);
			runOnlyForDeploymentPostprocessing = 0;
		};
/* End PBXSourcesBuildPhase section */

/* Begin PBXVariantGroup section */
		B69C57261D0D118A00B01744 /* LaunchScreen.storyboard */ = {
			isa = PBXVariantGroup;
			children = (
				B69C57271D0D118A00B01744 /* Base */,
			);
			name = LaunchScreen.storyboard;
			sourceTree = "<group>";
		};
/* End PBXVariantGroup section */

/* Begin XCBuildConfiguration section */
		B69C572A1D0D118A00B01744 /* Debug */ = {
			isa = XCBuildConfiguration;
			buildSettings = {
				ALWAYS_SEARCH_USER_PATHS = NO;
				CLANG_ANALYZER_NONNULL = YES;
				CLANG_CXX_LANGUAGE_STANDARD = "gnu++0x";
				CLANG_CXX_LIBRARY = "libc++";
				CLANG_ENABLE_MODULES = YES;
				CLANG_ENABLE_OBJC_ARC = YES;
				CLANG_WARN_BOOL_CONVERSION = YES;
				CLANG_WARN_CONSTANT_CONVERSION = YES;
				CLANG_WARN_DIRECT_OBJC_ISA_USAGE = YES_ERROR;
				CLANG_WARN_EMPTY_BODY = YES;
				CLANG_WARN_ENUM_CONVERSION = YES;
				CLANG_WARN_INT_CONVERSION = YES;
				CLANG_WARN_OBJC_ROOT_CLASS = YES_ERROR;
				CLANG_WARN_UNREACHABLE_CODE = YES;
				CLANG_WARN__DUPLICATE_METHOD_MATCH = YES;
				"CODE_SIGN_IDENTITY[sdk=iphoneos*]" = "iPhone Developer";
				COPY_PHASE_STRIP = NO;
				DEBUG_INFORMATION_FORMAT = dwarf;
				ENABLE_STRICT_OBJC_MSGSEND = YES;
				ENABLE_TESTABILITY = YES;
				GCC_C_LANGUAGE_STANDARD = gnu99;
				GCC_DYNAMIC_NO_PIC = NO;
				GCC_NO_COMMON_BLOCKS = YES;
				GCC_OPTIMIZATION_LEVEL = 0;
				GCC_PREPROCESSOR_DEFINITIONS = (
					"DEBUG=1",
					"$(inherited)",
				);
				GCC_WARN_64_TO_32_BIT_CONVERSION = YES;
				GCC_WARN_ABOUT_RETURN_TYPE = YES_ERROR;
				GCC_WARN_UNDECLARED_SELECTOR = YES;
				GCC_WARN_UNINITIALIZED_AUTOS = YES_AGGRESSIVE;
				GCC_WARN_UNUSED_FUNCTION = YES;
				GCC_WARN_UNUSED_VARIABLE = YES;
				IPHONEOS_DEPLOYMENT_TARGET = 9.3;
				MTL_ENABLE_DEBUG_INFO = YES;
				ONLY_ACTIVE_ARCH = YES;
				SDKROOT = iphoneos;
				TARGETED_DEVICE_FAMILY = "1,2";
			};
			name = Debug;
		};
		B69C572B1D0D118A00B01744 /* Release */ = {
			isa = XCBuildConfiguration;
			buildSettings = {
				ALWAYS_SEARCH_USER_PATHS = NO;
				CLANG_ANALYZER_NONNULL = YES;
				CLANG_CXX_LANGUAGE_STANDARD = "gnu++0x";
				CLANG_CXX_LIBRARY = "libc++";
				CLANG_ENABLE_MODULES = YES;
				CLANG_ENABLE_OBJC_ARC = YES;
				CLANG_WARN_BOOL_CONVERSION = YES;
				CLANG_WARN_CONSTANT_CONVERSION = YES;
				CLANG_WARN_DIRECT_OBJC_ISA_USAGE = YES_ERROR;
				CLANG_WARN_EMPTY_BODY = YES;
				CLANG_WARN_ENUM_CONVERSION = YES;
				CLANG_WARN_INT_CONVERSION = YES;
				CLANG_WARN_OBJC_ROOT_CLASS = YES_ERROR;
				CLANG_WARN_UNREACHABLE_CODE = YES;
				CLANG_WARN__DUPLICATE_METHOD_MATCH = YES;
				"CODE_SIGN_IDENTITY[sdk=iphoneos*]" = "iPhone Developer";
				COPY_PHASE_STRIP = NO;
				DEBUG_INFORMATION_FORMAT = "dwarf-with-dsym";
				ENABLE_NS_ASSERTIONS = NO;
				ENABLE_STRICT_OBJC_MSGSEND = YES;
				GCC_C_LANGUAGE_STANDARD = gnu99;
				GCC_NO_COMMON_BLOCKS = YES;
				GCC_WARN_64_TO_32_BIT_CONVERSION = YES;
				GCC_WARN_ABOUT_RETURN_TYPE = YES_ERROR;
				GCC_WARN_UNDECLARED_SELECTOR = YES;
				GCC_WARN_UNINITIALIZED_AUTOS = YES_AGGRESSIVE;
				GCC_WARN_UNUSED_FUNCTION = YES;
				GCC_WARN_UNUSED_VARIABLE = YES;
				IPHONEOS_DEPLOYMENT_TARGET = 9.3;
				MTL_ENABLE_DEBUG_INFO = NO;
				SDKROOT = iphoneos;
				TARGETED_DEVICE_FAMILY = "1,2";
				VALIDATE_PRODUCT = YES;
			};
			name = Release;
		};
		B69C572D1D0D118A00B01744 /* Debug */ = {
			isa = XCBuildConfiguration;
			buildSettings = {
				ASSETCATALOG_COMPILER_APPICON_NAME = AppIcon;
				INFOPLIST_FILE = GQRatingViewDemo/Info.plist;
				LD_RUNPATH_SEARCH_PATHS = "$(inherited) @executable_path/Frameworks";
				PRODUCT_BUNDLE_IDENTIFIER = Bossy.GQRatingViewDemo;
				PRODUCT_NAME = "$(TARGET_NAME)";
			};
			name = Debug;
		};
		B69C572E1D0D118A00B01744 /* Release */ = {
			isa = XCBuildConfiguration;
			buildSettings = {
				ASSETCATALOG_COMPILER_APPICON_NAME = AppIcon;
				INFOPLIST_FILE = GQRatingViewDemo/Info.plist;
				LD_RUNPATH_SEARCH_PATHS = "$(inherited) @executable_path/Frameworks";
				PRODUCT_BUNDLE_IDENTIFIER = Bossy.GQRatingViewDemo;
				PRODUCT_NAME = "$(TARGET_NAME)";
			};
			name = Release;
		};
/* End XCBuildConfiguration section */

/* Begin XCConfigurationList section */
		B69C570D1D0D118A00B01744 /* Build configuration list for PBXProject "GQRatingViewDemo" */ = {
			isa = XCConfigurationList;
			buildConfigurations = (
				B69C572A1D0D118A00B01744 /* Debug */,
				B69C572B1D0D118A00B01744 /* Release */,
			);
			defaultConfigurationIsVisible = 0;
			defaultConfigurationName = Release;
		};
		B69C572C1D0D118A00B01744 /* Build configuration list for PBXNativeTarget "GQRatingViewDemo" */ = {
			isa = XCConfigurationList;
			buildConfigurations = (
				B69C572D1D0D118A00B01744 /* Debug */,
				B69C572E1D0D118A00B01744 /* Release */,
			);
			defaultConfigurationIsVisible = 0;
		};
/* End XCConfigurationList section */
	};
	rootObject = B69C570A1D0D118A00B01744 /* Project object */;
}
